
Microsoft Visual Studio Solution File, Format Version 12.00
# Visual Studio Version 16
VisualStudioVersion = 25.0.1700.0
MinimumVisualStudioVersion = 10.0.40219.1
Project("{FAE04EC0-301F-11D3-BF4B-00C04F79EFBC}") = "AmIPlant.Core", "AmIPlant.Core\AmIPlant.Core.csproj", "{4CE1F782-1642-4FA5-88F4-DCCD88BC8786}"
EndProject
Project("{FAE04EC0-301F-11D3-BF4B-00C04F79EFBC}") = "AmIPlant.Core.Tests", "AmIPlant.Core.Tests\AmIPlant.Core.Tests.csproj", "{F1D9843D-884D-42B4-AD02-A316D1A64DCA}"
EndProject
Project("{FAE04EC0-301F-11D3-BF4B-00C04F79EFBC}") = "AmIPlant.CLI", "AmIPlant.CLI\AmIPlant.CLI.csproj", "{9A0328E9-4E26-453A-AD0D-5CF64BC9AB8C}"
EndProject
Global
	GlobalSection(SolutionConfigurationPlatforms) = preSolution
		Debug|Any CPU = Debug|Any CPU
		Release|Any CPU = Release|Any CPU
	EndGlobalSection
	GlobalSection(ProjectConfigurationPlatforms) = postSolution
		{4CE1F782-1642-4FA5-88F4-DCCD88BC8786}.Debug|Any CPU.ActiveCfg = Debug|Any CPU
		{4CE1F782-1642-4FA5-88F4-DCCD88BC8786}.Debug|Any CPU.Build.0 = Debug|Any CPU
		{4CE1F782-1642-4FA5-88F4-DCCD88BC8786}.Release|Any CPU.ActiveCfg = Release|Any CPU
		{4CE1F782-1642-4FA5-88F4-DCCD88BC8786}.Release|Any CPU.Build.0 = Release|Any CPU
		{F1D9843D-884D-42B4-AD02-A316D1A64DCA}.Debug|Any CPU.ActiveCfg = Debug|Any CPU
		{F1D9843D-884D-42B4-AD02-A316D1A64DCA}.Debug|Any CPU.Build.0 = Debug|Any CPU
		{F1D9843D-884D-42B4-AD02-A316D1A64DCA}.Release|Any CPU.ActiveCfg = Release|Any CPU
		{F1D9843D-884D-42B4-AD02-A316D1A64DCA}.Release|Any CPU.Build.0 = Release|Any CPU
		{9A0328E9-4E26-453A-AD0D-5CF64BC9AB8C}.Debug|Any CPU.ActiveCfg = Debug|Any CPU
		{9A0328E9-4E26-453A-AD0D-5CF64BC9AB8C}.Debug|Any CPU.Build.0 = Debug|Any CPU
		{9A0328E9-4E26-453A-AD0D-5CF64BC9AB8C}.Release|Any CPU.ActiveCfg = Release|Any CPU
		{9A0328E9-4E26-453A-AD0D-5CF64BC9AB8C}.Release|Any CPU.Build.0 = Release|Any CPU
	EndGlobalSection
	GlobalSection(SolutionProperties) = preSolution
		HideSolutionNode = FALSE
	EndGlobalSection
	GlobalSection(ExtensibilityGlobals) = postSolution
		SolutionGuid = {4F45D4F2-E390-46AE-9E9A-E802B83F8384}
	EndGlobalSection
EndGlobal
